// !$*UTF8*$!
{
	archiveVersion = 1;
	classes = {
	};
	objectVersion = 56;
	objects = {

/* Begin PBXBuildFile section */
		0200207D2BFB5C1500B6D539 /* CustomNavigationBar.swift in Sources */ = {isa = PBXBuildFile; fileRef = 0200207C2BFB5C1500B6D539 /* CustomNavigationBar.swift */; };
		0200207F2BFB5C1C00B6D539 /* CustomNavigationBar.xib in Resources */ = {isa = PBXBuildFile; fileRef = 0200207E2BFB5C1C00B6D539 /* CustomNavigationBar.xib */; };
		020020832BFB648100B6D539 /* HeaderView.xib in Resources */ = {isa = PBXBuildFile; fileRef = 020020822BFB648100B6D539 /* HeaderView.xib */; };
		020020852BFB648900B6D539 /* HeaderView.swift in Sources */ = {isa = PBXBuildFile; fileRef = 020020842BFB648900B6D539 /* HeaderView.swift */; };
		0200208F2BFB7A7900B6D539 /* Kingfisher in Frameworks */ = {isa = PBXBuildFile; productRef = 0200208E2BFB7A7900B6D539 /* Kingfisher */; };
		0252AAB82BFA1D96006D1A2D /* AppDelegate.swift in Sources */ = {isa = PBXBuildFile; fileRef = 0252AAB72BFA1D96006D1A2D /* AppDelegate.swift */; };
		0252AABA2BFA1D96006D1A2D /* SceneDelegate.swift in Sources */ = {isa = PBXBuildFile; fileRef = 0252AAB92BFA1D96006D1A2D /* SceneDelegate.swift */; };
		0252AABC2BFA1D96006D1A2D /* HomeViewController.swift in Sources */ = {isa = PBXBuildFile; fileRef = 0252AABB2BFA1D96006D1A2D /* HomeViewController.swift */; };
		0252AABF2BFA1D96006D1A2D /* Base in Resources */ = {isa = PBXBuildFile; fileRef = 0252AABE2BFA1D96006D1A2D /* Base */; };
		0252AAC22BFA1D96006D1A2D /* GoGame.xcdatamodeld in Sources */ = {isa = PBXBuildFile; fileRef = 0252AAC02BFA1D96006D1A2D /* GoGame.xcdatamodeld */; };
		0252AAC42BFA1D97006D1A2D /* Assets.xcassets in Resources */ = {isa = PBXBuildFile; fileRef = 0252AAC32BFA1D97006D1A2D /* Assets.xcassets */; };
		0252AAC72BFA1D97006D1A2D /* Base in Resources */ = {isa = PBXBuildFile; fileRef = 0252AAC62BFA1D97006D1A2D /* Base */; };
		02583ABB2BFB422100B6D471 /* GameModel.swift in Sources */ = {isa = PBXBuildFile; fileRef = 02583ABA2BFB422100B6D471 /* GameModel.swift */; };
		02583ABD2BFB437D00B6D471 /* GameNetworking.swift in Sources */ = {isa = PBXBuildFile; fileRef = 02583ABC2BFB437D00B6D471 /* GameNetworking.swift */; };
		0270E87F2BFE14A900F2118D /* PageView.xib in Resources */ = {isa = PBXBuildFile; fileRef = 0270E87E2BFE14A900F2118D /* PageView.xib */; };
		0270E8812BFE14C800F2118D /* PageView.swift in Sources */ = {isa = PBXBuildFile; fileRef = 0270E8802BFE14C800F2118D /* PageView.swift */; };
		0270E8842BFE2EB300F2118D /* GamesCell.xib in Resources */ = {isa = PBXBuildFile; fileRef = 0270E8832BFE2EB300F2118D /* GamesCell.xib */; };
		0270E8852BFE2EB300F2118D /* GamesCell.swift in Sources */ = {isa = PBXBuildFile; fileRef = 0270E8822BFE2EB300F2118D /* GamesCell.swift */; };
		027E0C5C2C01EA7400A62564 /* CoreDataManager.swift in Sources */ = {isa = PBXBuildFile; fileRef = 027E0C5B2C01EA7400A62564 /* CoreDataManager.swift */; };
		027E0C682C02170200A62564 /* HomeViewModel.swift in Sources */ = {isa = PBXBuildFile; fileRef = 027E0C672C02170200A62564 /* HomeViewModel.swift */; };
		027E0C6A2C021D4B00A62564 /* DetailViewModel.swift in Sources */ = {isa = PBXBuildFile; fileRef = 027E0C692C021D4B00A62564 /* DetailViewModel.swift */; };
		028A3D652C0158CC00BB7931 /* FavouriteViewController.swift in Sources */ = {isa = PBXBuildFile; fileRef = 028A3D642C0158CC00BB7931 /* FavouriteViewController.swift */; };
		028A3D682C01599100BB7931 /* FavouriteCell.swift in Sources */ = {isa = PBXBuildFile; fileRef = 028A3D672C01599100BB7931 /* FavouriteCell.swift */; };
		028A3D6A2C0159A600BB7931 /* FavouriteCell.xib in Resources */ = {isa = PBXBuildFile; fileRef = 028A3D692C0159A600BB7931 /* FavouriteCell.xib */; };
		02A66D7E2BFE45FF008623E9 /* LICENSE.txt in Resources */ = {isa = PBXBuildFile; fileRef = 02A66D772BFE45FF008623E9 /* LICENSE.txt */; };
		02A66D7F2BFE45FF008623E9 /* Roboto-Bold.ttf in Resources */ = {isa = PBXBuildFile; fileRef = 02A66D782BFE45FF008623E9 /* Roboto-Bold.ttf */; };
		02A66D802BFE45FF008623E9 /* Roboto-Light.ttf in Resources */ = {isa = PBXBuildFile; fileRef = 02A66D792BFE45FF008623E9 /* Roboto-Light.ttf */; };
		02A66D812BFE45FF008623E9 /* Roboto-Medium.ttf in Resources */ = {isa = PBXBuildFile; fileRef = 02A66D7A2BFE45FF008623E9 /* Roboto-Medium.ttf */; };
		02A66D822BFE45FF008623E9 /* Roboto-Regular.ttf in Resources */ = {isa = PBXBuildFile; fileRef = 02A66D7B2BFE45FF008623E9 /* Roboto-Regular.ttf */; };
		02A66D832BFE45FF008623E9 /* Roboto-Thin.ttf in Resources */ = {isa = PBXBuildFile; fileRef = 02A66D7C2BFE45FF008623E9 /* Roboto-Thin.ttf */; };
		02BDBE132C00BA2C00887C6F /* DetailViewController.swift in Sources */ = {isa = PBXBuildFile; fileRef = 02BDBE102C00BA2C00887C6F /* DetailViewController.swift */; };
		02BDBE162C00D43100887C6F /* String.swift in Sources */ = {isa = PBXBuildFile; fileRef = 02BDBE152C00D43100887C6F /* String.swift */; };
		02BDBE192C00DBFC00887C6F /* SearchBar.xib in Resources */ = {isa = PBXBuildFile; fileRef = 02BDBE182C00DBFC00887C6F /* SearchBar.xib */; };
		02BDBE1D2C00DC3A00887C6F /* SearchBar.swift in Sources */ = {isa = PBXBuildFile; fileRef = 02BDBE1C2C00DC3A00887C6F /* SearchBar.swift */; };
/* End PBXBuildFile section */

/* Begin PBXFileReference section */
		0200207C2BFB5C1500B6D539 /* CustomNavigationBar.swift */ = {isa = PBXFileReference; lastKnownFileType = sourcecode.swift; path = CustomNavigationBar.swift; sourceTree = "<group>"; };
		0200207E2BFB5C1C00B6D539 /* CustomNavigationBar.xib */ = {isa = PBXFileReference; lastKnownFileType = file.xib; path = CustomNavigationBar.xib; sourceTree = "<group>"; };
		020020822BFB648100B6D539 /* HeaderView.xib */ = {isa = PBXFileReference; lastKnownFileType = file.xib; path = HeaderView.xib; sourceTree = "<group>"; };
		020020842BFB648900B6D539 /* HeaderView.swift */ = {isa = PBXFileReference; lastKnownFileType = sourcecode.swift; path = HeaderView.swift; sourceTree = "<group>"; };
		0252AAB42BFA1D96006D1A2D /* GoGame.app */ = {isa = PBXFileReference; explicitFileType = wrapper.application; includeInIndex = 0; path = GoGame.app; sourceTree = BUILT_PRODUCTS_DIR; };
		0252AAB72BFA1D96006D1A2D /* AppDelegate.swift */ = {isa = PBXFileReference; lastKnownFileType = sourcecode.swift; path = AppDelegate.swift; sourceTree = "<group>"; };
		0252AAB92BFA1D96006D1A2D /* SceneDelegate.swift */ = {isa = PBXFileReference; lastKnownFileType = sourcecode.swift; path = SceneDelegate.swift; sourceTree = "<group>"; };
		0252AABB2BFA1D96006D1A2D /* HomeViewController.swift */ = {isa = PBXFileReference; lastKnownFileType = sourcecode.swift; path = HomeViewController.swift; sourceTree = "<group>"; };
		0252AABE2BFA1D96006D1A2D /* Base */ = {isa = PBXFileReference; lastKnownFileType = file.storyboard; name = Base; path = Base.lproj/Main.storyboard; sourceTree = "<group>"; };
		0252AAC12BFA1D96006D1A2D /* GoGame.xcdatamodel */ = {isa = PBXFileReference; lastKnownFileType = wrapper.xcdatamodel; path = GoGame.xcdatamodel; sourceTree = "<group>"; };
		0252AAC32BFA1D97006D1A2D /* Assets.xcassets */ = {isa = PBXFileReference; lastKnownFileType = folder.assetcatalog; path = Assets.xcassets; sourceTree = "<group>"; };
		0252AAC62BFA1D97006D1A2D /* Base */ = {isa = PBXFileReference; lastKnownFileType = file.storyboard; name = Base; path = Base.lproj/LaunchScreen.storyboard; sourceTree = "<group>"; };
		0252AAC82BFA1D97006D1A2D /* Info.plist */ = {isa = PBXFileReference; lastKnownFileType = text.plist.xml; path = Info.plist; sourceTree = "<group>"; };
		02583ABA2BFB422100B6D471 /* GameModel.swift */ = {isa = PBXFileReference; lastKnownFileType = sourcecode.swift; path = GameModel.swift; sourceTree = "<group>"; };
		02583ABC2BFB437D00B6D471 /* GameNetworking.swift */ = {isa = PBXFileReference; lastKnownFileType = sourcecode.swift; path = GameNetworking.swift; sourceTree = "<group>"; };
		0270E87E2BFE14A900F2118D /* PageView.xib */ = {isa = PBXFileReference; lastKnownFileType = file.xib; path = PageView.xib; sourceTree = "<group>"; };
		0270E8802BFE14C800F2118D /* PageView.swift */ = {isa = PBXFileReference; lastKnownFileType = sourcecode.swift; path = PageView.swift; sourceTree = "<group>"; };
		0270E8822BFE2EB300F2118D /* GamesCell.swift */ = {isa = PBXFileReference; lastKnownFileType = sourcecode.swift; path = GamesCell.swift; sourceTree = "<group>"; };
		0270E8832BFE2EB300F2118D /* GamesCell.xib */ = {isa = PBXFileReference; lastKnownFileType = file.xib; path = GamesCell.xib; sourceTree = "<group>"; };
		027E0C5B2C01EA7400A62564 /* CoreDataManager.swift */ = {isa = PBXFileReference; lastKnownFileType = sourcecode.swift; path = CoreDataManager.swift; sourceTree = "<group>"; };
		027E0C672C02170200A62564 /* HomeViewModel.swift */ = {isa = PBXFileReference; lastKnownFileType = sourcecode.swift; path = HomeViewModel.swift; sourceTree = "<group>"; };
		027E0C692C021D4B00A62564 /* DetailViewModel.swift */ = {isa = PBXFileReference; lastKnownFileType = sourcecode.swift; path = DetailViewModel.swift; sourceTree = "<group>"; };
		028A3D642C0158CC00BB7931 /* FavouriteViewController.swift */ = {isa = PBXFileReference; lastKnownFileType = sourcecode.swift; path = FavouriteViewController.swift; sourceTree = "<group>"; };
		028A3D672C01599100BB7931 /* FavouriteCell.swift */ = {isa = PBXFileReference; lastKnownFileType = sourcecode.swift; path = FavouriteCell.swift; sourceTree = "<group>"; };
		028A3D692C0159A600BB7931 /* FavouriteCell.xib */ = {isa = PBXFileReference; lastKnownFileType = file.xib; path = FavouriteCell.xib; sourceTree = "<group>"; };
		02A66D772BFE45FF008623E9 /* LICENSE.txt */ = {isa = PBXFileReference; fileEncoding = 4; lastKnownFileType = text; path = LICENSE.txt; sourceTree = "<group>"; };
		02A66D782BFE45FF008623E9 /* Roboto-Bold.ttf */ = {isa = PBXFileReference; lastKnownFileType = file; path = "Roboto-Bold.ttf"; sourceTree = "<group>"; };
		02A66D792BFE45FF008623E9 /* Roboto-Light.ttf */ = {isa = PBXFileReference; lastKnownFileType = file; path = "Roboto-Light.ttf"; sourceTree = "<group>"; };
		02A66D7A2BFE45FF008623E9 /* Roboto-Medium.ttf */ = {isa = PBXFileReference; lastKnownFileType = file; path = "Roboto-Medium.ttf"; sourceTree = "<group>"; };
		02A66D7B2BFE45FF008623E9 /* Roboto-Regular.ttf */ = {isa = PBXFileReference; lastKnownFileType = file; path = "Roboto-Regular.ttf"; sourceTree = "<group>"; };
		02A66D7C2BFE45FF008623E9 /* Roboto-Thin.ttf */ = {isa = PBXFileReference; lastKnownFileType = file; path = "Roboto-Thin.ttf"; sourceTree = "<group>"; };
		02BDBE102C00BA2C00887C6F /* DetailViewController.swift */ = {isa = PBXFileReference; lastKnownFileType = sourcecode.swift; path = DetailViewController.swift; sourceTree = "<group>"; };
		02BDBE152C00D43100887C6F /* String.swift */ = {isa = PBXFileReference; lastKnownFileType = sourcecode.swift; path = String.swift; sourceTree = "<group>"; };
		02BDBE182C00DBFC00887C6F /* SearchBar.xib */ = {isa = PBXFileReference; lastKnownFileType = file.xib; path = SearchBar.xib; sourceTree = "<group>"; };
		02BDBE1C2C00DC3A00887C6F /* SearchBar.swift */ = {isa = PBXFileReference; lastKnownFileType = sourcecode.swift; path = SearchBar.swift; sourceTree = "<group>"; };
/* End PBXFileReference section */

/* Begin PBXFrameworksBuildPhase section */
		0252AAB12BFA1D96006D1A2D /* Frameworks */ = {
			isa = PBXFrameworksBuildPhase;
			buildActionMask = 2147483647;
			files = (
				0200208F2BFB7A7900B6D539 /* Kingfisher in Frameworks */,
			);
			runOnlyForDeploymentPostprocessing = 0;
		};
/* End PBXFrameworksBuildPhase section */

/* Begin PBXGroup section */
		020020742BFB4CA500B6D539 /* Cells */ = {
			isa = PBXGroup;
			children = (
				020020802BFB646900B6D539 /* NavigationBar */,
				020020812BFB647400B6D539 /* HeaderView */,
				0270E87D2BFE118700F2118D /* PageController */,
				02BDBE172C00DBDD00887C6F /* SearchBar */,
				0270E8862BFE2EB600F2118D /* GamesCell */,
				028A3D662C01595900BB7931 /* FavouriteCell */,
			);
			path = Cells;
			sourceTree = "<group>";
		};
		020020802BFB646900B6D539 /* NavigationBar */ = {
			isa = PBXGroup;
			children = (
				0200207C2BFB5C1500B6D539 /* CustomNavigationBar.swift */,
				0200207E2BFB5C1C00B6D539 /* CustomNavigationBar.xib */,
			);
			path = NavigationBar;
			sourceTree = "<group>";
		};
		020020812BFB647400B6D539 /* HeaderView */ = {
			isa = PBXGroup;
			children = (
				020020842BFB648900B6D539 /* HeaderView.swift */,
				020020822BFB648100B6D539 /* HeaderView.xib */,
			);
			path = HeaderView;
			sourceTree = "<group>";
		};
		0252AAAB2BFA1D96006D1A2D = {
			isa = PBXGroup;
			children = (
				0252AAB62BFA1D96006D1A2D /* GoGame */,
				0252AAB52BFA1D96006D1A2D /* Products */,
			);
			sourceTree = "<group>";
		};
		0252AAB52BFA1D96006D1A2D /* Products */ = {
			isa = PBXGroup;
			children = (
				0252AAB42BFA1D96006D1A2D /* GoGame.app */,
			);
			name = Products;
			sourceTree = "<group>";
		};
		0252AAB62BFA1D96006D1A2D /* GoGame */ = {
			isa = PBXGroup;
			children = (
				028751302BFA2084006E502A /* Supporting Files */,
				0287512F2BFA2075006E502A /* Storyboards */,
				028751312BFA2094006E502A /* Theme */,
				02BDBE142C00D41A00887C6F /* Extension */,
				027E0C5A2C01EA6500A62564 /* Managers */,
				0287512C2BFA2067006E502A /* Services */,
				0287512B2BFA2062006E502A /* Model */,
				028751322BFA210F006E502A /* ViewModel */,
				0287512E2BFA2071006E502A /* Controller */,
				0287512D2BFA206E006E502A /* View */,
				0252AAC82BFA1D97006D1A2D /* Info.plist */,
				0252AAC02BFA1D96006D1A2D /* GoGame.xcdatamodeld */,
			);
			path = GoGame;
			sourceTree = "<group>";
		};
		0270E87D2BFE118700F2118D /* PageController */ = {
			isa = PBXGroup;
			children = (
				0270E8802BFE14C800F2118D /* PageView.swift */,
				0270E87E2BFE14A900F2118D /* PageView.xib */,
			);
			path = PageController;
			sourceTree = "<group>";
		};
		0270E8862BFE2EB600F2118D /* GamesCell */ = {
			isa = PBXGroup;
			children = (
				0270E8822BFE2EB300F2118D /* GamesCell.swift */,
				0270E8832BFE2EB300F2118D /* GamesCell.xib */,
			);
			path = GamesCell;
			sourceTree = "<group>";
		};
		027E0C5A2C01EA6500A62564 /* Managers */ = {
			isa = PBXGroup;
			children = (
				027E0C5B2C01EA7400A62564 /* CoreDataManager.swift */,
			);
			path = Managers;
			sourceTree = "<group>";
		};
		0287512B2BFA2062006E502A /* Model */ = {
			isa = PBXGroup;
			children = (
				02583ABA2BFB422100B6D471 /* GameModel.swift */,
			);
			path = Model;
			sourceTree = "<group>";
		};
		0287512C2BFA2067006E502A /* Services */ = {
			isa = PBXGroup;
			children = (
				02583ABC2BFB437D00B6D471 /* GameNetworking.swift */,
			);
			path = Services;
			sourceTree = "<group>";
		};
		0287512D2BFA206E006E502A /* View */ = {
			isa = PBXGroup;
			children = (
				020020742BFB4CA500B6D539 /* Cells */,
			);
			path = View;
			sourceTree = "<group>";
		};
		0287512E2BFA2071006E502A /* Controller */ = {
			isa = PBXGroup;
			children = (
				0252AABB2BFA1D96006D1A2D /* HomeViewController.swift */,
				02BDBE102C00BA2C00887C6F /* DetailViewController.swift */,
				028A3D642C0158CC00BB7931 /* FavouriteViewController.swift */,
			);
			path = Controller;
			sourceTree = "<group>";
		};
		0287512F2BFA2075006E502A /* Storyboards */ = {
			isa = PBXGroup;
			children = (
				0252AABD2BFA1D96006D1A2D /* Main.storyboard */,
				0252AAC52BFA1D97006D1A2D /* LaunchScreen.storyboard */,
			);
			path = Storyboards;
			sourceTree = "<group>";
		};
		028751302BFA2084006E502A /* Supporting Files */ = {
			isa = PBXGroup;
			children = (
				0252AAB72BFA1D96006D1A2D /* AppDelegate.swift */,
				0252AAB92BFA1D96006D1A2D /* SceneDelegate.swift */,
			);
			path = "Supporting Files";
			sourceTree = "<group>";
		};
		028751312BFA2094006E502A /* Theme */ = {
			isa = PBXGroup;
			children = (
				02A66D7D2BFE45FF008623E9 /* Roboto */,
				0252AAC32BFA1D97006D1A2D /* Assets.xcassets */,
			);
			path = Theme;
			sourceTree = "<group>";
		};
		028751322BFA210F006E502A /* ViewModel */ = {
			isa = PBXGroup;
			children = (
				027E0C672C02170200A62564 /* HomeViewModel.swift */,
				027E0C692C021D4B00A62564 /* DetailViewModel.swift */,
			);
			path = ViewModel;
			sourceTree = "<group>";
		};
		028A3D662C01595900BB7931 /* FavouriteCell */ = {
			isa = PBXGroup;
			children = (
				028A3D672C01599100BB7931 /* FavouriteCell.swift */,
				028A3D692C0159A600BB7931 /* FavouriteCell.xib */,
			);
			path = FavouriteCell;
			sourceTree = "<group>";
		};
		02A66D7D2BFE45FF008623E9 /* Roboto */ = {
			isa = PBXGroup;
			children = (
				02A66D772BFE45FF008623E9 /* LICENSE.txt */,
				02A66D782BFE45FF008623E9 /* Roboto-Bold.ttf */,
				02A66D792BFE45FF008623E9 /* Roboto-Light.ttf */,
				02A66D7A2BFE45FF008623E9 /* Roboto-Medium.ttf */,
				02A66D7B2BFE45FF008623E9 /* Roboto-Regular.ttf */,
				02A66D7C2BFE45FF008623E9 /* Roboto-Thin.ttf */,
			);
			path = Roboto;
			sourceTree = "<group>";
		};
		02BDBE142C00D41A00887C6F /* Extension */ = {
			isa = PBXGroup;
			children = (
				02BDBE152C00D43100887C6F /* String.swift */,
			);
			path = Extension;
			sourceTree = "<group>";
		};
		02BDBE172C00DBDD00887C6F /* SearchBar */ = {
			isa = PBXGroup;
			children = (
				02BDBE1C2C00DC3A00887C6F /* SearchBar.swift */,
				02BDBE182C00DBFC00887C6F /* SearchBar.xib */,
			);
			path = SearchBar;
			sourceTree = "<group>";
		};
/* End PBXGroup section */

/* Begin PBXNativeTarget section */
		0252AAB32BFA1D96006D1A2D /* GoGame */ = {
			isa = PBXNativeTarget;
			buildConfigurationList = 0252AACB2BFA1D97006D1A2D /* Build configuration list for PBXNativeTarget "GoGame" */;
			buildPhases = (
				0252AAB02BFA1D96006D1A2D /* Sources */,
				0252AAB12BFA1D96006D1A2D /* Frameworks */,
				0252AAB22BFA1D96006D1A2D /* Resources */,
			);
			buildRules = (
			);
			dependencies = (
			);
			name = GoGame;
			packageProductDependencies = (
				0200208E2BFB7A7900B6D539 /* Kingfisher */,
			);
			productName = GoGame;
			productReference = 0252AAB42BFA1D96006D1A2D /* GoGame.app */;
			productType = "com.apple.product-type.application";
		};
/* End PBXNativeTarget section */

/* Begin PBXProject section */
		0252AAAC2BFA1D96006D1A2D /* Project object */ = {
			isa = PBXProject;
			attributes = {
				BuildIndependentTargetsInParallel = 1;
				LastSwiftUpdateCheck = 1530;
				LastUpgradeCheck = 1530;
				TargetAttributes = {
					0252AAB32BFA1D96006D1A2D = {
						CreatedOnToolsVersion = 15.3;
					};
				};
			};
			buildConfigurationList = 0252AAAF2BFA1D96006D1A2D /* Build configuration list for PBXProject "GoGame" */;
			compatibilityVersion = "Xcode 14.0";
			developmentRegion = en;
			hasScannedForEncodings = 0;
			knownRegions = (
				en,
				Base,
			);
			mainGroup = 0252AAAB2BFA1D96006D1A2D;
			packageReferences = (
				0200208D2BFB7A7900B6D539 /* XCRemoteSwiftPackageReference "Kingfisher" */,
			);
			productRefGroup = 0252AAB52BFA1D96006D1A2D /* Products */;
			projectDirPath = "";
			projectRoot = "";
			targets = (
				0252AAB32BFA1D96006D1A2D /* GoGame */,
			);
		};
/* End PBXProject section */

/* Begin PBXResourcesBuildPhase section */
		0252AAB22BFA1D96006D1A2D /* Resources */ = {
			isa = PBXResourcesBuildPhase;
			buildActionMask = 2147483647;
			files = (
				0200207F2BFB5C1C00B6D539 /* CustomNavigationBar.xib in Resources */,
				020020832BFB648100B6D539 /* HeaderView.xib in Resources */,
				02A66D802BFE45FF008623E9 /* Roboto-Light.ttf in Resources */,
				0252AAC42BFA1D97006D1A2D /* Assets.xcassets in Resources */,
				0270E87F2BFE14A900F2118D /* PageView.xib in Resources */,
				02A66D7E2BFE45FF008623E9 /* LICENSE.txt in Resources */,
				02A66D822BFE45FF008623E9 /* Roboto-Regular.ttf in Resources */,
				028A3D6A2C0159A600BB7931 /* FavouriteCell.xib in Resources */,
				02BDBE192C00DBFC00887C6F /* SearchBar.xib in Resources */,
				02A66D7F2BFE45FF008623E9 /* Roboto-Bold.ttf in Resources */,
				0252AAC72BFA1D97006D1A2D /* Base in Resources */,
				02A66D812BFE45FF008623E9 /* Roboto-Medium.ttf in Resources */,
				0270E8842BFE2EB300F2118D /* GamesCell.xib in Resources */,
				02A66D832BFE45FF008623E9 /* Roboto-Thin.ttf in Resources */,
				0252AABF2BFA1D96006D1A2D /* Base in Resources */,
			);
			runOnlyForDeploymentPostprocessing = 0;
		};
/* End PBXResourcesBuildPhase section */

/* Begin PBXSourcesBuildPhase section */
		0252AAB02BFA1D96006D1A2D /* Sources */ = {
			isa = PBXSourcesBuildPhase;
			buildActionMask = 2147483647;
			files = (
				027E0C682C02170200A62564 /* HomeViewModel.swift in Sources */,
				02BDBE1D2C00DC3A00887C6F /* SearchBar.swift in Sources */,
				02BDBE132C00BA2C00887C6F /* DetailViewController.swift in Sources */,
				0252AABC2BFA1D96006D1A2D /* HomeViewController.swift in Sources */,
				027E0C5C2C01EA7400A62564 /* CoreDataManager.swift in Sources */,
				02583ABB2BFB422100B6D471 /* GameModel.swift in Sources */,
				0252AAB82BFA1D96006D1A2D /* AppDelegate.swift in Sources */,
				0252AABA2BFA1D96006D1A2D /* SceneDelegate.swift in Sources */,
				0252AAC22BFA1D96006D1A2D /* GoGame.xcdatamodeld in Sources */,
				02BDBE162C00D43100887C6F /* String.swift in Sources */,
				0270E8852BFE2EB300F2118D /* GamesCell.swift in Sources */,
				02583ABD2BFB437D00B6D471 /* GameNetworking.swift in Sources */,
				0200207D2BFB5C1500B6D539 /* CustomNavigationBar.swift in Sources */,
				027E0C6A2C021D4B00A62564 /* DetailViewModel.swift in Sources */,
				0270E8812BFE14C800F2118D /* PageView.swift in Sources */,
				028A3D652C0158CC00BB7931 /* FavouriteViewController.swift in Sources */,
				020020852BFB648900B6D539 /* HeaderView.swift in Sources */,
				028A3D682C01599100BB7931 /* FavouriteCell.swift in Sources */,
			);
			runOnlyForDeploymentPostprocessing = 0;
		};
/* End PBXSourcesBuildPhase section */

/* Begin PBXVariantGroup section */
		0252AABD2BFA1D96006D1A2D /* Main.storyboard */ = {
			isa = PBXVariantGroup;
			children = (
				0252AABE2BFA1D96006D1A2D /* Base */,
			);
			name = Main.storyboard;
			sourceTree = "<group>";
		};
		0252AAC52BFA1D97006D1A2D /* LaunchScreen.storyboard */ = {
			isa = PBXVariantGroup;
			children = (
				0252AAC62BFA1D97006D1A2D /* Base */,
			);
			name = LaunchScreen.storyboard;
			sourceTree = "<group>";
		};
/* End PBXVariantGroup section */

/* Begin XCBuildConfiguration section */
		0252AAC92BFA1D97006D1A2D /* Debug */ = {
			isa = XCBuildConfiguration;
			buildSettings = {
				ALWAYS_SEARCH_USER_PATHS = NO;
				ASSETCATALOG_COMPILER_GENERATE_SWIFT_ASSET_SYMBOL_EXTENSIONS = YES;
				CLANG_ANALYZER_NONNULL = YES;
				CLANG_ANALYZER_NUMBER_OBJECT_CONVERSION = YES_AGGRESSIVE;
				CLANG_CXX_LANGUAGE_STANDARD = "gnu++20";
				CLANG_ENABLE_MODULES = YES;
				CLANG_ENABLE_OBJC_ARC = YES;
				CLANG_ENABLE_OBJC_WEAK = YES;
				CLANG_WARN_BLOCK_CAPTURE_AUTORELEASING = YES;
				CLANG_WARN_BOOL_CONVERSION = YES;
				CLANG_WARN_COMMA = YES;
				CLANG_WARN_CONSTANT_CONVERSION = YES;
				CLANG_WARN_DEPRECATED_OBJC_IMPLEMENTATIONS = YES;
				CLANG_WARN_DIRECT_OBJC_ISA_USAGE = YES_ERROR;
				CLANG_WARN_DOCUMENTATION_COMMENTS = YES;
				CLANG_WARN_EMPTY_BODY = YES;
				CLANG_WARN_ENUM_CONVERSION = YES;
				CLANG_WARN_INFINITE_RECURSION = YES;
				CLANG_WARN_INT_CONVERSION = YES;
				CLANG_WARN_NON_LITERAL_NULL_CONVERSION = YES;
				CLANG_WARN_OBJC_IMPLICIT_RETAIN_SELF = YES;
				CLANG_WARN_OBJC_LITERAL_CONVERSION = YES;
				CLANG_WARN_OBJC_ROOT_CLASS = YES_ERROR;
				CLANG_WARN_QUOTED_INCLUDE_IN_FRAMEWORK_HEADER = YES;
				CLANG_WARN_RANGE_LOOP_ANALYSIS = YES;
				CLANG_WARN_STRICT_PROTOTYPES = YES;
				CLANG_WARN_SUSPICIOUS_MOVE = YES;
				CLANG_WARN_UNGUARDED_AVAILABILITY = YES_AGGRESSIVE;
				CLANG_WARN_UNREACHABLE_CODE = YES;
				CLANG_WARN__DUPLICATE_METHOD_MATCH = YES;
				COPY_PHASE_STRIP = NO;
				DEBUG_INFORMATION_FORMAT = dwarf;
				ENABLE_STRICT_OBJC_MSGSEND = YES;
				ENABLE_TESTABILITY = YES;
				ENABLE_USER_SCRIPT_SANDBOXING = YES;
				GCC_C_LANGUAGE_STANDARD = gnu17;
				GCC_DYNAMIC_NO_PIC = NO;
				GCC_NO_COMMON_BLOCKS = YES;
				GCC_OPTIMIZATION_LEVEL = 0;
				GCC_PREPROCESSOR_DEFINITIONS = (
					"DEBUG=1",
					"$(inherited)",
				);
				GCC_WARN_64_TO_32_BIT_CONVERSION = YES;
				GCC_WARN_ABOUT_RETURN_TYPE = YES_ERROR;
				GCC_WARN_UNDECLARED_SELECTOR = YES;
				GCC_WARN_UNINITIALIZED_AUTOS = YES_AGGRESSIVE;
				GCC_WARN_UNUSED_FUNCTION = YES;
				GCC_WARN_UNUSED_VARIABLE = YES;
				IPHONEOS_DEPLOYMENT_TARGET = 15.0;
				LOCALIZATION_PREFERS_STRING_CATALOGS = YES;
				MTL_ENABLE_DEBUG_INFO = INCLUDE_SOURCE;
				MTL_FAST_MATH = YES;
				ONLY_ACTIVE_ARCH = YES;
				SDKROOT = iphoneos;
				SWIFT_ACTIVE_COMPILATION_CONDITIONS = "DEBUG $(inherited)";
				SWIFT_OPTIMIZATION_LEVEL = "-Onone";
			};
			name = Debug;
		};
		0252AACA2BFA1D97006D1A2D /* Release */ = {
			isa = XCBuildConfiguration;
			buildSettings = {
				ALWAYS_SEARCH_USER_PATHS = NO;
				ASSETCATALOG_COMPILER_GENERATE_SWIFT_ASSET_SYMBOL_EXTENSIONS = YES;
				CLANG_ANALYZER_NONNULL = YES;
				CLANG_ANALYZER_NUMBER_OBJECT_CONVERSION = YES_AGGRESSIVE;
				CLANG_CXX_LANGUAGE_STANDARD = "gnu++20";
				CLANG_ENABLE_MODULES = YES;
				CLANG_ENABLE_OBJC_ARC = YES;
				CLANG_ENABLE_OBJC_WEAK = YES;
				CLANG_WARN_BLOCK_CAPTURE_AUTORELEASING = YES;
				CLANG_WARN_BOOL_CONVERSION = YES;
				CLANG_WARN_COMMA = YES;
				CLANG_WARN_CONSTANT_CONVERSION = YES;
				CLANG_WARN_DEPRECATED_OBJC_IMPLEMENTATIONS = YES;
				CLANG_WARN_DIRECT_OBJC_ISA_USAGE = YES_ERROR;
				CLANG_WARN_DOCUMENTATION_COMMENTS = YES;
				CLANG_WARN_EMPTY_BODY = YES;
				CLANG_WARN_ENUM_CONVERSION = YES;
				CLANG_WARN_INFINITE_RECURSION = YES;
				CLANG_WARN_INT_CONVERSION = YES;
				CLANG_WARN_NON_LITERAL_NULL_CONVERSION = YES;
				CLANG_WARN_OBJC_IMPLICIT_RETAIN_SELF = YES;
				CLANG_WARN_OBJC_LITERAL_CONVERSION = YES;
				CLANG_WARN_OBJC_ROOT_CLASS = YES_ERROR;
				CLANG_WARN_QUOTED_INCLUDE_IN_FRAMEWORK_HEADER = YES;
				CLANG_WARN_RANGE_LOOP_ANALYSIS = YES;
				CLANG_WARN_STRICT_PROTOTYPES = YES;
				CLANG_WARN_SUSPICIOUS_MOVE = YES;
				CLANG_WARN_UNGUARDED_AVAILABILITY = YES_AGGRESSIVE;
				CLANG_WARN_UNREACHABLE_CODE = YES;
				CLANG_WARN__DUPLICATE_METHOD_MATCH = YES;
				COPY_PHASE_STRIP = NO;
				DEBUG_INFORMATION_FORMAT = "dwarf-with-dsym";
				ENABLE_NS_ASSERTIONS = NO;
				ENABLE_STRICT_OBJC_MSGSEND = YES;
				ENABLE_USER_SCRIPT_SANDBOXING = YES;
				GCC_C_LANGUAGE_STANDARD = gnu17;
				GCC_NO_COMMON_BLOCKS = YES;
				GCC_WARN_64_TO_32_BIT_CONVERSION = YES;
				GCC_WARN_ABOUT_RETURN_TYPE = YES_ERROR;
				GCC_WARN_UNDECLARED_SELECTOR = YES;
				GCC_WARN_UNINITIALIZED_AUTOS = YES_AGGRESSIVE;
				GCC_WARN_UNUSED_FUNCTION = YES;
				GCC_WARN_UNUSED_VARIABLE = YES;
				IPHONEOS_DEPLOYMENT_TARGET = 15.0;
				LOCALIZATION_PREFERS_STRING_CATALOGS = YES;
				MTL_ENABLE_DEBUG_INFO = NO;
				MTL_FAST_MATH = YES;
				SDKROOT = iphoneos;
				SWIFT_COMPILATION_MODE = wholemodule;
				VALIDATE_PRODUCT = YES;
			};
			name = Release;
		};
		0252AACC2BFA1D97006D1A2D /* Debug */ = {
			isa = XCBuildConfiguration;
			buildSettings = {
				ASSETCATALOG_COMPILER_APPICON_NAME = AppIcon;
				ASSETCATALOG_COMPILER_GLOBAL_ACCENT_COLOR_NAME = AccentColor;
				CODE_SIGN_STYLE = Automatic;
				CURRENT_PROJECT_VERSION = 1;
				DEVELOPMENT_TEAM = XS5B289466;
				GENERATE_INFOPLIST_FILE = YES;
				INFOPLIST_FILE = GoGame/Info.plist;
				INFOPLIST_KEY_UIApplicationSupportsIndirectInputEvents = YES;
				INFOPLIST_KEY_UILaunchStoryboardName = LaunchScreen;
				INFOPLIST_KEY_UIMainStoryboardFile = Main;
				INFOPLIST_KEY_UISupportedInterfaceOrientations_iPad = "UIInterfaceOrientationPortrait UIInterfaceOrientationPortraitUpsideDown UIInterfaceOrientationLandscapeLeft UIInterfaceOrientationLandscapeRight";
				INFOPLIST_KEY_UISupportedInterfaceOrientations_iPhone = "UIInterfaceOrientationPortrait UIInterfaceOrientationLandscapeLeft UIInterfaceOrientationLandscapeRight";
				LD_RUNPATH_SEARCH_PATHS = (
					"$(inherited)",
					"@executable_path/Frameworks",
				);
				MARKETING_VERSION = 1.0;
				PRODUCT_BUNDLE_IDENTIFIER = com.ffk.GoGame;
				PRODUCT_NAME = "$(TARGET_NAME)";
				SWIFT_EMIT_LOC_STRINGS = YES;
				SWIFT_VERSION = 5.0;
				TARGETED_DEVICE_FAMILY = "1,2";
			};
			name = Debug;
		};
		0252AACD2BFA1D97006D1A2D /* Release */ = {
			isa = XCBuildConfiguration;
			buildSettings = {
				ASSETCATALOG_COMPILER_APPICON_NAME = AppIcon;
				ASSETCATALOG_COMPILER_GLOBAL_ACCENT_COLOR_NAME = AccentColor;
				CODE_SIGN_STYLE = Automatic;
				CURRENT_PROJECT_VERSION = 1;
				DEVELOPMENT_TEAM = XS5B289466;
				GENERATE_INFOPLIST_FILE = YES;
				INFOPLIST_FILE = GoGame/Info.plist;
				INFOPLIST_KEY_UIApplicationSupportsIndirectInputEvents = YES;
				INFOPLIST_KEY_UILaunchStoryboardName = LaunchScreen;
				INFOPLIST_KEY_UIMainStoryboardFile = Main;
				INFOPLIST_KEY_UISupportedInterfaceOrientations_iPad = "UIInterfaceOrientationPortrait UIInterfaceOrientationPortraitUpsideDown UIInterfaceOrientationLandscapeLeft UIInterfaceOrientationLandscapeRight";
				INFOPLIST_KEY_UISupportedInterfaceOrientations_iPhone = "UIInterfaceOrientationPortrait UIInterfaceOrientationLandscapeLeft UIInterfaceOrientationLandscapeRight";
				LD_RUNPATH_SEARCH_PATHS = (
					"$(inherited)",
					"@executable_path/Frameworks",
				);
				MARKETING_VERSION = 1.0;
				PRODUCT_BUNDLE_IDENTIFIER = com.ffk.GoGame;
				PRODUCT_NAME = "$(TARGET_NAME)";
				SWIFT_EMIT_LOC_STRINGS = YES;
				SWIFT_VERSION = 5.0;
				TARGETED_DEVICE_FAMILY = "1,2";
			};
			name = Release;
		};
/* End XCBuildConfiguration section */

/* Begin XCConfigurationList section */
		0252AAAF2BFA1D96006D1A2D /* Build configuration list for PBXProject "GoGame" */ = {
			isa = XCConfigurationList;
			buildConfigurations = (
				0252AAC92BFA1D97006D1A2D /* Debug */,
				0252AACA2BFA1D97006D1A2D /* Release */,
			);
			defaultConfigurationIsVisible = 0;
			defaultConfigurationName = Release;
		};
		0252AACB2BFA1D97006D1A2D /* Build configuration list for PBXNativeTarget "GoGame" */ = {
			isa = XCConfigurationList;
			buildConfigurations = (
				0252AACC2BFA1D97006D1A2D /* Debug */,
				0252AACD2BFA1D97006D1A2D /* Release */,
			);
			defaultConfigurationIsVisible = 0;
			defaultConfigurationName = Release;
		};
/* End XCConfigurationList section */

/* Begin XCRemoteSwiftPackageReference section */
		0200208D2BFB7A7900B6D539 /* XCRemoteSwiftPackageReference "Kingfisher" */ = {
			isa = XCRemoteSwiftPackageReference;
			repositoryURL = "https://github.com/onevcat/Kingfisher";
			requirement = {
				kind = upToNextMajorVersion;
				minimumVersion = 7.11.0;
			};
		};
/* End XCRemoteSwiftPackageReference section */

/* Begin XCSwiftPackageProductDependency section */
		0200208E2BFB7A7900B6D539 /* Kingfisher */ = {
			isa = XCSwiftPackageProductDependency;
			package = 0200208D2BFB7A7900B6D539 /* XCRemoteSwiftPackageReference "Kingfisher" */;
			productName = Kingfisher;
		};
/* End XCSwiftPackageProductDependency section */

/* Begin XCVersionGroup section */
		0252AAC02BFA1D96006D1A2D /* GoGame.xcdatamodeld */ = {
			isa = XCVersionGroup;
			children = (
				0252AAC12BFA1D96006D1A2D /* GoGame.xcdatamodel */,
			);
			currentVersion = 0252AAC12BFA1D96006D1A2D /* GoGame.xcdatamodel */;
			path = GoGame.xcdatamodeld;
			sourceTree = "<group>";
			versionGroupType = wrapper.xcdatamodel;
		};
/* End XCVersionGroup section */
	};
	rootObject = 0252AAAC2BFA1D96006D1A2D /* Project object */;
}
